
Microsoft Visual Studio Solution File, Format Version 12.00
# Visual Studio Version 16
VisualStudioVersion = 16.0.29519.87
MinimumVisualStudioVersion = 10.0.40219.1
Project("{9A19103F-16F7-4668-BE54-9A1E7A4F7556}") = "IronPdfFunction", "IronPdfFunction\IronPdfFunction.csproj", "{C9FB4DFF-F7A4-4339-BDFC-4AD2CAD3DFBC}"
EndProject
Project("{2150E333-8FDC-42A3-9474-1A3956D46DE8}") = "Solution files", "Solution files", "{9D264131-7BE2-4441-8B4D-6BCF46E02BFE}"
	ProjectSection(SolutionItems) = preProject
		.gitignore = .gitignore
		README.md = README.md
	EndProjectSection
EndProject
Global
	GlobalSection(SolutionConfigurationPlatforms) = preSolution
		Debug|Any CPU = Debug|Any CPU
		Release|Any CPU = Release|Any CPU
	EndGlobalSection
	GlobalSection(ProjectConfigurationPlatforms) = postSolution
		{C9FB4DFF-F7A4-4339-BDFC-4AD2CAD3DFBC}.Debug|Any CPU.ActiveCfg = Debug|Any CPU
		{C9FB4DFF-F7A4-4339-BDFC-4AD2CAD3DFBC}.Debug|Any CPU.Build.0 = Debug|Any CPU
		{C9FB4DFF-F7A4-4339-BDFC-4AD2CAD3DFBC}.Release|Any CPU.ActiveCfg = Release|Any CPU
		{C9FB4DFF-F7A4-4339-BDFC-4AD2CAD3DFBC}.Release|Any CPU.Build.0 = Release|Any CPU
	EndGlobalSection
	GlobalSection(SolutionProperties) = preSolution
		HideSolutionNode = FALSE
	EndGlobalSection
	GlobalSection(ExtensibilityGlobals) = postSolution
		SolutionGuid = {09FBDCF4-102D-4BE7-A6C8-E9B88471FA9A}
	EndGlobalSection
EndGlobal
